// !$*UTF8*$!
{
	archiveVersion = 1;
	classes = {
	};
	objectVersion = 50;
	objects = {

/* Begin PBXBuildFile section */
		871865C024F093400068FCBA /* GraphKit.framework in Frameworks */ = {isa = PBXBuildFile; fileRef = 871865B624F093400068FCBA /* GraphKit.framework */; };
		871865C524F093400068FCBA /* GraphKitTests.swift in Sources */ = {isa = PBXBuildFile; fileRef = 871865C424F093400068FCBA /* GraphKitTests.swift */; };
		871865DF24F094060068FCBA /* README.md in Resources */ = {isa = PBXBuildFile; fileRef = 871865DE24F094060068FCBA /* README.md */; };
		87D9203924F0983D0027E4B0 /* Graph.swift in Sources */ = {isa = PBXBuildFile; fileRef = 87D9201624F0983D0027E4B0 /* Graph.swift */; };
		87D9203A24F0983D0027E4B0 /* GraphStyle.swift in Sources */ = {isa = PBXBuildFile; fileRef = 87D9201724F0983D0027E4B0 /* GraphStyle.swift */; };
		87D9203B24F0983D0027E4B0 /* PieChartExtensions.swift in Sources */ = {isa = PBXBuildFile; fileRef = 87D9201924F0983D0027E4B0 /* PieChartExtensions.swift */; };
		87D9203C24F0983D0027E4B0 /* LineGraphExtensions.swift in Sources */ = {isa = PBXBuildFile; fileRef = 87D9201A24F0983D0027E4B0 /* LineGraphExtensions.swift */; };
		87D9203D24F0983D0027E4B0 /* BubbleChartExtensions.swift in Sources */ = {isa = PBXBuildFile; fileRef = 87D9201B24F0983D0027E4B0 /* BubbleChartExtensions.swift */; };
		87D9203E24F0983D0027E4B0 /* BarGraphExtensions.swift in Sources */ = {isa = PBXBuildFile; fileRef = 87D9201C24F0983D0027E4B0 /* BarGraphExtensions.swift */; };
		87D9203F24F0983D0027E4B0 /* GanttChartExtensions.swift in Sources */ = {isa = PBXBuildFile; fileRef = 87D9201D24F0983D0027E4B0 /* GanttChartExtensions.swift */; };
		87D9204024F0983D0027E4B0 /* LineGraph.swift in Sources */ = {isa = PBXBuildFile; fileRef = 87D9201F24F0983D0027E4B0 /* LineGraph.swift */; };
		87D9204124F0983D0027E4B0 /* GanttChart.swift in Sources */ = {isa = PBXBuildFile; fileRef = 87D9202024F0983D0027E4B0 /* GanttChart.swift */; };
		87D9204224F0983D0027E4B0 /* BarGraph.swift in Sources */ = {isa = PBXBuildFile; fileRef = 87D9202124F0983D0027E4B0 /* BarGraph.swift */; };
		87D9204324F0983D0027E4B0 /* PieChart.swift in Sources */ = {isa = PBXBuildFile; fileRef = 87D9202224F0983D0027E4B0 /* PieChart.swift */; };
		87D9204424F0983D0027E4B0 /* Arc.swift in Sources */ = {isa = PBXBuildFile; fileRef = 87D9202424F0983D0027E4B0 /* Arc.swift */; };
		87D9204524F0983D0027E4B0 /* VerticalBar.swift in Sources */ = {isa = PBXBuildFile; fileRef = 87D9202524F0983D0027E4B0 /* VerticalBar.swift */; };
		87D9204624F0983D0027E4B0 /* HorizontalBar.swift in Sources */ = {isa = PBXBuildFile; fileRef = 87D9202624F0983D0027E4B0 /* HorizontalBar.swift */; };
		87D9204724F0983D0027E4B0 /* Point.swift in Sources */ = {isa = PBXBuildFile; fileRef = 87D9202724F0983D0027E4B0 /* Point.swift */; };
		87D9204824F0983D0027E4B0 /* ArcSegment.swift in Sources */ = {isa = PBXBuildFile; fileRef = 87D9202824F0983D0027E4B0 /* ArcSegment.swift */; };
		87D9204924F0983D0027E4B0 /* Line.swift in Sources */ = {isa = PBXBuildFile; fileRef = 87D9202924F0983D0027E4B0 /* Line.swift */; };
		87D9204A24F0983D0027E4B0 /* Grid.swift in Sources */ = {isa = PBXBuildFile; fileRef = 87D9202A24F0983D0027E4B0 /* Grid.swift */; };
		87D9204B24F0983D0027E4B0 /* BubbleChart.swift in Sources */ = {isa = PBXBuildFile; fileRef = 87D9202B24F0983D0027E4B0 /* BubbleChart.swift */; };
		87D9204C24F0983D0027E4B0 /* PieChartStyle.swift in Sources */ = {isa = PBXBuildFile; fileRef = 87D9202D24F0983D0027E4B0 /* PieChartStyle.swift */; };
		87D9204D24F0983D0027E4B0 /* GridStyle.swift in Sources */ = {isa = PBXBuildFile; fileRef = 87D9202F24F0983D0027E4B0 /* GridStyle.swift */; };
		87D9204E24F0983D0027E4B0 /* Curviture.swift in Sources */ = {isa = PBXBuildFile; fileRef = 87D9203024F0983D0027E4B0 /* Curviture.swift */; };
		87D9204F24F0983D0027E4B0 /* Appearance.swift in Sources */ = {isa = PBXBuildFile; fileRef = 87D9203124F0983D0027E4B0 /* Appearance.swift */; };
		87D9205024F0983D0027E4B0 /* GanttChartStyle.swift in Sources */ = {isa = PBXBuildFile; fileRef = 87D9203224F0983D0027E4B0 /* GanttChartStyle.swift */; };
		87D9205124F0983D0027E4B0 /* BarGraphStyle.swift in Sources */ = {isa = PBXBuildFile; fileRef = 87D9203324F0983D0027E4B0 /* BarGraphStyle.swift */; };
		87D9205224F0983D0027E4B0 /* LineGraphStyle.swift in Sources */ = {isa = PBXBuildFile; fileRef = 87D9203424F0983D0027E4B0 /* LineGraphStyle.swift */; };
		87D9205324F0983D0027E4B0 /* GraphLabels.swift in Sources */ = {isa = PBXBuildFile; fileRef = 87D9203624F0983D0027E4B0 /* GraphLabels.swift */; };
		87D9205424F0983D0027E4B0 /* Theme.swift in Sources */ = {isa = PBXBuildFile; fileRef = 87D9203724F0983D0027E4B0 /* Theme.swift */; };
		87D9205524F0983D0027E4B0 /* BubbleChartStyle.swift in Sources */ = {isa = PBXBuildFile; fileRef = 87D9203824F0983D0027E4B0 /* BubbleChartStyle.swift */; };
/* End PBXBuildFile section */

/* Begin PBXContainerItemProxy section */
		871865C124F093400068FCBA /* PBXContainerItemProxy */ = {
			isa = PBXContainerItemProxy;
			containerPortal = 871865AD24F093400068FCBA /* Project object */;
			proxyType = 1;
			remoteGlobalIDString = 871865B524F093400068FCBA;
			remoteInfo = GraphKit;
		};
/* End PBXContainerItemProxy section */

/* Begin PBXFileReference section */
		871865B624F093400068FCBA /* GraphKit.framework */ = {isa = PBXFileReference; explicitFileType = wrapper.framework; includeInIndex = 0; path = GraphKit.framework; sourceTree = BUILT_PRODUCTS_DIR; };
		871865BA24F093400068FCBA /* Info.plist */ = {isa = PBXFileReference; lastKnownFileType = text.plist.xml; path = Info.plist; sourceTree = "<group>"; };
		871865BF24F093400068FCBA /* GraphKitTests.xctest */ = {isa = PBXFileReference; explicitFileType = wrapper.cfbundle; includeInIndex = 0; path = GraphKitTests.xctest; sourceTree = BUILT_PRODUCTS_DIR; };
		871865C424F093400068FCBA /* GraphKitTests.swift */ = {isa = PBXFileReference; lastKnownFileType = sourcecode.swift; path = GraphKitTests.swift; sourceTree = "<group>"; };
		871865C624F093400068FCBA /* Info.plist */ = {isa = PBXFileReference; lastKnownFileType = text.plist.xml; path = Info.plist; sourceTree = "<group>"; };
		871865DE24F094060068FCBA /* README.md */ = {isa = PBXFileReference; fileEncoding = 4; lastKnownFileType = net.daringfireball.markdown; path = README.md; sourceTree = "<group>"; };
		87D9201624F0983D0027E4B0 /* Graph.swift */ = {isa = PBXFileReference; fileEncoding = 4; lastKnownFileType = sourcecode.swift; path = Graph.swift; sourceTree = "<group>"; };
		87D9201724F0983D0027E4B0 /* GraphStyle.swift */ = {isa = PBXFileReference; fileEncoding = 4; lastKnownFileType = sourcecode.swift; path = GraphStyle.swift; sourceTree = "<group>"; };
		87D9201924F0983D0027E4B0 /* PieChartExtensions.swift */ = {isa = PBXFileReference; fileEncoding = 4; lastKnownFileType = sourcecode.swift; path = PieChartExtensions.swift; sourceTree = "<group>"; };
		87D9201A24F0983D0027E4B0 /* LineGraphExtensions.swift */ = {isa = PBXFileReference; fileEncoding = 4; lastKnownFileType = sourcecode.swift; path = LineGraphExtensions.swift; sourceTree = "<group>"; };
		87D9201B24F0983D0027E4B0 /* BubbleChartExtensions.swift */ = {isa = PBXFileReference; fileEncoding = 4; lastKnownFileType = sourcecode.swift; path = BubbleChartExtensions.swift; sourceTree = "<group>"; };
		87D9201C24F0983D0027E4B0 /* BarGraphExtensions.swift */ = {isa = PBXFileReference; fileEncoding = 4; lastKnownFileType = sourcecode.swift; path = BarGraphExtensions.swift; sourceTree = "<group>"; };
		87D9201D24F0983D0027E4B0 /* GanttChartExtensions.swift */ = {isa = PBXFileReference; fileEncoding = 4; lastKnownFileType = sourcecode.swift; path = GanttChartExtensions.swift; sourceTree = "<group>"; };
		87D9201F24F0983D0027E4B0 /* LineGraph.swift */ = {isa = PBXFileReference; fileEncoding = 4; lastKnownFileType = sourcecode.swift; path = LineGraph.swift; sourceTree = "<group>"; };
		87D9202024F0983D0027E4B0 /* GanttChart.swift */ = {isa = PBXFileReference; fileEncoding = 4; lastKnownFileType = sourcecode.swift; path = GanttChart.swift; sourceTree = "<group>"; };
		87D9202124F0983D0027E4B0 /* BarGraph.swift */ = {isa = PBXFileReference; fileEncoding = 4; lastKnownFileType = sourcecode.swift; path = BarGraph.swift; sourceTree = "<group>"; };
		87D9202224F0983D0027E4B0 /* PieChart.swift */ = {isa = PBXFileReference; fileEncoding = 4; lastKnownFileType = sourcecode.swift; path = PieChart.swift; sourceTree = "<group>"; };
		87D9202424F0983D0027E4B0 /* Arc.swift */ = {isa = PBXFileReference; fileEncoding = 4; lastKnownFileType = sourcecode.swift; path = Arc.swift; sourceTree = "<group>"; };
		87D9202524F0983D0027E4B0 /* VerticalBar.swift */ = {isa = PBXFileReference; fileEncoding = 4; lastKnownFileType = sourcecode.swift; path = VerticalBar.swift; sourceTree = "<group>"; };
		87D9202624F0983D0027E4B0 /* HorizontalBar.swift */ = {isa = PBXFileReference; fileEncoding = 4; lastKnownFileType = sourcecode.swift; path = HorizontalBar.swift; sourceTree = "<group>"; };
		87D9202724F0983D0027E4B0 /* Point.swift */ = {isa = PBXFileReference; fileEncoding = 4; lastKnownFileType = sourcecode.swift; path = Point.swift; sourceTree = "<group>"; };
		87D9202824F0983D0027E4B0 /* ArcSegment.swift */ = {isa = PBXFileReference; fileEncoding = 4; lastKnownFileType = sourcecode.swift; path = ArcSegment.swift; sourceTree = "<group>"; };
		87D9202924F0983D0027E4B0 /* Line.swift */ = {isa = PBXFileReference; fileEncoding = 4; lastKnownFileType = sourcecode.swift; path = Line.swift; sourceTree = "<group>"; };
		87D9202A24F0983D0027E4B0 /* Grid.swift */ = {isa = PBXFileReference; fileEncoding = 4; lastKnownFileType = sourcecode.swift; path = Grid.swift; sourceTree = "<group>"; };
		87D9202B24F0983D0027E4B0 /* BubbleChart.swift */ = {isa = PBXFileReference; fileEncoding = 4; lastKnownFileType = sourcecode.swift; path = BubbleChart.swift; sourceTree = "<group>"; };
		87D9202D24F0983D0027E4B0 /* PieChartStyle.swift */ = {isa = PBXFileReference; fileEncoding = 4; lastKnownFileType = sourcecode.swift; path = PieChartStyle.swift; sourceTree = "<group>"; };
		87D9202F24F0983D0027E4B0 /* GridStyle.swift */ = {isa = PBXFileReference; fileEncoding = 4; lastKnownFileType = sourcecode.swift; path = GridStyle.swift; sourceTree = "<group>"; };
		87D9203024F0983D0027E4B0 /* Curviture.swift */ = {isa = PBXFileReference; fileEncoding = 4; lastKnownFileType = sourcecode.swift; path = Curviture.swift; sourceTree = "<group>"; };
		87D9203124F0983D0027E4B0 /* Appearance.swift */ = {isa = PBXFileReference; fileEncoding = 4; lastKnownFileType = sourcecode.swift; path = Appearance.swift; sourceTree = "<group>"; };
		87D9203224F0983D0027E4B0 /* GanttChartStyle.swift */ = {isa = PBXFileReference; fileEncoding = 4; lastKnownFileType = sourcecode.swift; path = GanttChartStyle.swift; sourceTree = "<group>"; };
		87D9203324F0983D0027E4B0 /* BarGraphStyle.swift */ = {isa = PBXFileReference; fileEncoding = 4; lastKnownFileType = sourcecode.swift; path = BarGraphStyle.swift; sourceTree = "<group>"; };
		87D9203424F0983D0027E4B0 /* LineGraphStyle.swift */ = {isa = PBXFileReference; fileEncoding = 4; lastKnownFileType = sourcecode.swift; path = LineGraphStyle.swift; sourceTree = "<group>"; };
		87D9203624F0983D0027E4B0 /* GraphLabels.swift */ = {isa = PBXFileReference; fileEncoding = 4; lastKnownFileType = sourcecode.swift; path = GraphLabels.swift; sourceTree = "<group>"; };
		87D9203724F0983D0027E4B0 /* Theme.swift */ = {isa = PBXFileReference; fileEncoding = 4; lastKnownFileType = sourcecode.swift; path = Theme.swift; sourceTree = "<group>"; };
		87D9203824F0983D0027E4B0 /* BubbleChartStyle.swift */ = {isa = PBXFileReference; fileEncoding = 4; lastKnownFileType = sourcecode.swift; path = BubbleChartStyle.swift; sourceTree = "<group>"; };
/* End PBXFileReference section */

/* Begin PBXFrameworksBuildPhase section */
		871865B324F093400068FCBA /* Frameworks */ = {
			isa = PBXFrameworksBuildPhase;
			buildActionMask = 2147483647;
			files = (
			);
			runOnlyForDeploymentPostprocessing = 0;
		};
		871865BC24F093400068FCBA /* Frameworks */ = {
			isa = PBXFrameworksBuildPhase;
			buildActionMask = 2147483647;
			files = (
				871865C024F093400068FCBA /* GraphKit.framework in Frameworks */,
			);
			runOnlyForDeploymentPostprocessing = 0;
		};
/* End PBXFrameworksBuildPhase section */

/* Begin PBXGroup section */
		871865AC24F093400068FCBA = {
			isa = PBXGroup;
			children = (
				871865DE24F094060068FCBA /* README.md */,
				871865B824F093400068FCBA /* GraphKit */,
				871865C324F093400068FCBA /* GraphKitTests */,
				871865B724F093400068FCBA /* Products */,
			);
			sourceTree = "<group>";
		};
		871865B724F093400068FCBA /* Products */ = {
			isa = PBXGroup;
			children = (
				871865B624F093400068FCBA /* GraphKit.framework */,
				871865BF24F093400068FCBA /* GraphKitTests.xctest */,
			);
			name = Products;
			sourceTree = "<group>";
		};
		871865B824F093400068FCBA /* GraphKit */ = {
			isa = PBXGroup;
			children = (
				87D9201E24F0983D0027E4B0 /* Components */,
				87D9201824F0983D0027E4B0 /* Extensions */,
				87D9201524F0983D0027E4B0 /* Protocols */,
				87D9202C24F0983D0027E4B0 /* Styles */,
				871865BA24F093400068FCBA /* Info.plist */,
			);
			path = GraphKit;
			sourceTree = "<group>";
		};
		871865C324F093400068FCBA /* GraphKitTests */ = {
			isa = PBXGroup;
			children = (
				871865C424F093400068FCBA /* GraphKitTests.swift */,
				871865C624F093400068FCBA /* Info.plist */,
			);
			path = GraphKitTests;
			sourceTree = "<group>";
		};
		87D9201524F0983D0027E4B0 /* Protocols */ = {
			isa = PBXGroup;
			children = (
				87D9201624F0983D0027E4B0 /* Graph.swift */,
				87D9201724F0983D0027E4B0 /* GraphStyle.swift */,
			);
			path = Protocols;
			sourceTree = "<group>";
		};
		87D9201824F0983D0027E4B0 /* Extensions */ = {
			isa = PBXGroup;
			children = (
				87D9201924F0983D0027E4B0 /* PieChartExtensions.swift */,
				87D9201A24F0983D0027E4B0 /* LineGraphExtensions.swift */,
				87D9201B24F0983D0027E4B0 /* BubbleChartExtensions.swift */,
				87D9201C24F0983D0027E4B0 /* BarGraphExtensions.swift */,
				87D9201D24F0983D0027E4B0 /* GanttChartExtensions.swift */,
			);
			path = Extensions;
			sourceTree = "<group>";
		};
		87D9201E24F0983D0027E4B0 /* Components */ = {
			isa = PBXGroup;
			children = (
				87D9201F24F0983D0027E4B0 /* LineGraph.swift */,
				87D9202024F0983D0027E4B0 /* GanttChart.swift */,
				87D9202124F0983D0027E4B0 /* BarGraph.swift */,
				87D9202224F0983D0027E4B0 /* PieChart.swift */,
				87D9202324F0983D0027E4B0 /* Helpers */,
				87D9202B24F0983D0027E4B0 /* BubbleChart.swift */,
			);
			path = Components;
			sourceTree = "<group>";
		};
		87D9202324F0983D0027E4B0 /* Helpers */ = {
			isa = PBXGroup;
			children = (
				87D9202424F0983D0027E4B0 /* Arc.swift */,
				87D9202524F0983D0027E4B0 /* VerticalBar.swift */,
				87D9202624F0983D0027E4B0 /* HorizontalBar.swift */,
				87D9202724F0983D0027E4B0 /* Point.swift */,
				87D9202824F0983D0027E4B0 /* ArcSegment.swift */,
				87D9202924F0983D0027E4B0 /* Line.swift */,
				87D9202A24F0983D0027E4B0 /* Grid.swift */,
			);
			path = Helpers;
			sourceTree = "<group>";
		};
		87D9202C24F0983D0027E4B0 /* Styles */ = {
			isa = PBXGroup;
			children = (
				87D9202D24F0983D0027E4B0 /* PieChartStyle.swift */,
				87D9202E24F0983D0027E4B0 /* Enums */,
				87D9203224F0983D0027E4B0 /* GanttChartStyle.swift */,
				87D9203324F0983D0027E4B0 /* BarGraphStyle.swift */,
				87D9203424F0983D0027E4B0 /* LineGraphStyle.swift */,
				87D9203524F0983D0027E4B0 /* Axis */,
				87D9203724F0983D0027E4B0 /* Theme.swift */,
				87D9203824F0983D0027E4B0 /* BubbleChartStyle.swift */,
			);
			path = Styles;
			sourceTree = "<group>";
		};
		87D9202E24F0983D0027E4B0 /* Enums */ = {
			isa = PBXGroup;
			children = (
				87D9202F24F0983D0027E4B0 /* GridStyle.swift */,
				87D9203024F0983D0027E4B0 /* Curviture.swift */,
				87D9203124F0983D0027E4B0 /* Appearance.swift */,
			);
			path = Enums;
			sourceTree = "<group>";
		};
		87D9203524F0983D0027E4B0 /* Axis */ = {
			isa = PBXGroup;
			children = (
				87D9203624F0983D0027E4B0 /* GraphLabels.swift */,
			);
			path = Axis;
			sourceTree = "<group>";
		};
/* End PBXGroup section */

/* Begin PBXHeadersBuildPhase section */
		871865B124F093400068FCBA /* Headers */ = {
			isa = PBXHeadersBuildPhase;
			buildActionMask = 2147483647;
			files = (
			);
			runOnlyForDeploymentPostprocessing = 0;
		};
/* End PBXHeadersBuildPhase section */

/* Begin PBXNativeTarget section */
		871865B524F093400068FCBA /* GraphKit */ = {
			isa = PBXNativeTarget;
			buildConfigurationList = 871865CA24F093400068FCBA /* Build configuration list for PBXNativeTarget "GraphKit" */;
			buildPhases = (
				871865B124F093400068FCBA /* Headers */,
				871865B224F093400068FCBA /* Sources */,
				871865B324F093400068FCBA /* Frameworks */,
				871865B424F093400068FCBA /* Resources */,
			);
			buildRules = (
			);
			dependencies = (
			);
			name = GraphKit;
			productName = GraphKit;
			productReference = 871865B624F093400068FCBA /* GraphKit.framework */;
			productType = "com.apple.product-type.framework";
		};
		871865BE24F093400068FCBA /* GraphKitTests */ = {
			isa = PBXNativeTarget;
			buildConfigurationList = 871865CD24F093400068FCBA /* Build configuration list for PBXNativeTarget "GraphKitTests" */;
			buildPhases = (
				871865BB24F093400068FCBA /* Sources */,
				871865BC24F093400068FCBA /* Frameworks */,
				871865BD24F093400068FCBA /* Resources */,
			);
			buildRules = (
			);
			dependencies = (
				871865C224F093400068FCBA /* PBXTargetDependency */,
			);
			name = GraphKitTests;
			productName = GraphKitTests;
			productReference = 871865BF24F093400068FCBA /* GraphKitTests.xctest */;
			productType = "com.apple.product-type.bundle.unit-test";
		};
/* End PBXNativeTarget section */

/* Begin PBXProject section */
		871865AD24F093400068FCBA /* Project object */ = {
			isa = PBXProject;
			attributes = {
				LastSwiftUpdateCheck = 1200;
				LastUpgradeCheck = 1200;
				TargetAttributes = {
					871865B524F093400068FCBA = {
						CreatedOnToolsVersion = 12.0;
						LastSwiftMigration = 1200;
					};
					871865BE24F093400068FCBA = {
						CreatedOnToolsVersion = 12.0;
					};
				};
			};
			buildConfigurationList = 871865B024F093400068FCBA /* Build configuration list for PBXProject "GraphKit" */;
			compatibilityVersion = "Xcode 9.3";
			developmentRegion = en;
			hasScannedForEncodings = 0;
			knownRegions = (
				en,
				Base,
			);
			mainGroup = 871865AC24F093400068FCBA;
			productRefGroup = 871865B724F093400068FCBA /* Products */;
			projectDirPath = "";
			projectRoot = "";
			targets = (
				871865B524F093400068FCBA /* GraphKit */,
				871865BE24F093400068FCBA /* GraphKitTests */,
			);
		};
/* End PBXProject section */

/* Begin PBXResourcesBuildPhase section */
		871865B424F093400068FCBA /* Resources */ = {
			isa = PBXResourcesBuildPhase;
			buildActionMask = 2147483647;
			files = (
				871865DF24F094060068FCBA /* README.md in Resources */,
			);
			runOnlyForDeploymentPostprocessing = 0;
		};
		871865BD24F093400068FCBA /* Resources */ = {
			isa = PBXResourcesBuildPhase;
			buildActionMask = 2147483647;
			files = (
			);
			runOnlyForDeploymentPostprocessing = 0;
		};
/* End PBXResourcesBuildPhase section */

/* Begin PBXSourcesBuildPhase section */
		871865B224F093400068FCBA /* Sources */ = {
			isa = PBXSourcesBuildPhase;
			buildActionMask = 2147483647;
			files = (
				87D9204224F0983D0027E4B0 /* BarGraph.swift in Sources */,
				87D9205024F0983D0027E4B0 /* GanttChartStyle.swift in Sources */,
				87D9204124F0983D0027E4B0 /* GanttChart.swift in Sources */,
				87D9204924F0983D0027E4B0 /* Line.swift in Sources */,
				87D9204E24F0983D0027E4B0 /* Curviture.swift in Sources */,
				87D9204424F0983D0027E4B0 /* Arc.swift in Sources */,
				87D9203E24F0983D0027E4B0 /* BarGraphExtensions.swift in Sources */,
				87D9204824F0983D0027E4B0 /* ArcSegment.swift in Sources */,
				87D9204B24F0983D0027E4B0 /* BubbleChart.swift in Sources */,
				87D9205524F0983D0027E4B0 /* BubbleChartStyle.swift in Sources */,
				87D9203A24F0983D0027E4B0 /* GraphStyle.swift in Sources */,
				87D9204D24F0983D0027E4B0 /* GridStyle.swift in Sources */,
				87D9203B24F0983D0027E4B0 /* PieChartExtensions.swift in Sources */,
				87D9204324F0983D0027E4B0 /* PieChart.swift in Sources */,
				87D9205424F0983D0027E4B0 /* Theme.swift in Sources */,
				87D9203F24F0983D0027E4B0 /* GanttChartExtensions.swift in Sources */,
				87D9204C24F0983D0027E4B0 /* PieChartStyle.swift in Sources */,
				87D9204024F0983D0027E4B0 /* LineGraph.swift in Sources */,
				87D9205224F0983D0027E4B0 /* LineGraphStyle.swift in Sources */,
				87D9203C24F0983D0027E4B0 /* LineGraphExtensions.swift in Sources */,
				87D9203D24F0983D0027E4B0 /* BubbleChartExtensions.swift in Sources */,
				87D9204724F0983D0027E4B0 /* Point.swift in Sources */,
				87D9204624F0983D0027E4B0 /* HorizontalBar.swift in Sources */,
				87D9204524F0983D0027E4B0 /* VerticalBar.swift in Sources */,
				87D9204F24F0983D0027E4B0 /* Appearance.swift in Sources */,
				87D9205124F0983D0027E4B0 /* BarGraphStyle.swift in Sources */,
				87D9203924F0983D0027E4B0 /* Graph.swift in Sources */,
				87D9205324F0983D0027E4B0 /* GraphLabels.swift in Sources */,
				87D9204A24F0983D0027E4B0 /* Grid.swift in Sources */,
			);
			runOnlyForDeploymentPostprocessing = 0;
		};
		871865BB24F093400068FCBA /* Sources */ = {
			isa = PBXSourcesBuildPhase;
			buildActionMask = 2147483647;
			files = (
				871865C524F093400068FCBA /* GraphKitTests.swift in Sources */,
			);
			runOnlyForDeploymentPostprocessing = 0;
		};
/* End PBXSourcesBuildPhase section */

/* Begin PBXTargetDependency section */
		871865C224F093400068FCBA /* PBXTargetDependency */ = {
			isa = PBXTargetDependency;
			target = 871865B524F093400068FCBA /* GraphKit */;
			targetProxy = 871865C124F093400068FCBA /* PBXContainerItemProxy */;
		};
/* End PBXTargetDependency section */

/* Begin XCBuildConfiguration section */
		871865C824F093400068FCBA /* Debug */ = {
			isa = XCBuildConfiguration;
			buildSettings = {
				ALWAYS_SEARCH_USER_PATHS = NO;
				CLANG_ANALYZER_NONNULL = YES;
				CLANG_ANALYZER_NUMBER_OBJECT_CONVERSION = YES_AGGRESSIVE;
				CLANG_CXX_LANGUAGE_STANDARD = "gnu++14";
				CLANG_CXX_LIBRARY = "libc++";
				CLANG_ENABLE_MODULES = YES;
				CLANG_ENABLE_OBJC_ARC = YES;
				CLANG_ENABLE_OBJC_WEAK = YES;
				CLANG_WARN_BLOCK_CAPTURE_AUTORELEASING = YES;
				CLANG_WARN_BOOL_CONVERSION = YES;
				CLANG_WARN_COMMA = YES;
				CLANG_WARN_CONSTANT_CONVERSION = YES;
				CLANG_WARN_DEPRECATED_OBJC_IMPLEMENTATIONS = YES;
				CLANG_WARN_DIRECT_OBJC_ISA_USAGE = YES_ERROR;
				CLANG_WARN_DOCUMENTATION_COMMENTS = YES;
				CLANG_WARN_EMPTY_BODY = YES;
				CLANG_WARN_ENUM_CONVERSION = YES;
				CLANG_WARN_INFINITE_RECURSION = YES;
				CLANG_WARN_INT_CONVERSION = YES;
				CLANG_WARN_NON_LITERAL_NULL_CONVERSION = YES;
				CLANG_WARN_OBJC_IMPLICIT_RETAIN_SELF = YES;
				CLANG_WARN_OBJC_LITERAL_CONVERSION = YES;
				CLANG_WARN_OBJC_ROOT_CLASS = YES_ERROR;
				CLANG_WARN_QUOTED_INCLUDE_IN_FRAMEWORK_HEADER = YES;
				CLANG_WARN_RANGE_LOOP_ANALYSIS = YES;
				CLANG_WARN_STRICT_PROTOTYPES = YES;
				CLANG_WARN_SUSPICIOUS_MOVE = YES;
				CLANG_WARN_UNGUARDED_AVAILABILITY = YES_AGGRESSIVE;
				CLANG_WARN_UNREACHABLE_CODE = YES;
				CLANG_WARN__DUPLICATE_METHOD_MATCH = YES;
				COPY_PHASE_STRIP = NO;
				CURRENT_PROJECT_VERSION = 1;
				DEBUG_INFORMATION_FORMAT = dwarf;
				ENABLE_STRICT_OBJC_MSGSEND = YES;
				ENABLE_TESTABILITY = YES;
				GCC_C_LANGUAGE_STANDARD = gnu11;
				GCC_DYNAMIC_NO_PIC = NO;
				GCC_NO_COMMON_BLOCKS = YES;
				GCC_OPTIMIZATION_LEVEL = 0;
				GCC_PREPROCESSOR_DEFINITIONS = (
					"DEBUG=1",
					"$(inherited)",
				);
				GCC_WARN_64_TO_32_BIT_CONVERSION = YES;
				GCC_WARN_ABOUT_RETURN_TYPE = YES_ERROR;
				GCC_WARN_UNDECLARED_SELECTOR = YES;
				GCC_WARN_UNINITIALIZED_AUTOS = YES_AGGRESSIVE;
				GCC_WARN_UNUSED_FUNCTION = YES;
				GCC_WARN_UNUSED_VARIABLE = YES;
				IPHONEOS_DEPLOYMENT_TARGET = 14.0;
				MTL_ENABLE_DEBUG_INFO = INCLUDE_SOURCE;
				MTL_FAST_MATH = YES;
				ONLY_ACTIVE_ARCH = YES;
				SDKROOT = iphoneos;
				SWIFT_ACTIVE_COMPILATION_CONDITIONS = DEBUG;
				SWIFT_OPTIMIZATION_LEVEL = "-Onone";
				VERSIONING_SYSTEM = "apple-generic";
				VERSION_INFO_PREFIX = "";
			};
			name = Debug;
		};
		871865C924F093400068FCBA /* Release */ = {
			isa = XCBuildConfiguration;
			buildSettings = {
				ALWAYS_SEARCH_USER_PATHS = NO;
				CLANG_ANALYZER_NONNULL = YES;
				CLANG_ANALYZER_NUMBER_OBJECT_CONVERSION = YES_AGGRESSIVE;
				CLANG_CXX_LANGUAGE_STANDARD = "gnu++14";
				CLANG_CXX_LIBRARY = "libc++";
				CLANG_ENABLE_MODULES = YES;
				CLANG_ENABLE_OBJC_ARC = YES;
				CLANG_ENABLE_OBJC_WEAK = YES;
				CLANG_WARN_BLOCK_CAPTURE_AUTORELEASING = YES;
				CLANG_WARN_BOOL_CONVERSION = YES;
				CLANG_WARN_COMMA = YES;
				CLANG_WARN_CONSTANT_CONVERSION = YES;
				CLANG_WARN_DEPRECATED_OBJC_IMPLEMENTATIONS = YES;
				CLANG_WARN_DIRECT_OBJC_ISA_USAGE = YES_ERROR;
				CLANG_WARN_DOCUMENTATION_COMMENTS = YES;
				CLANG_WARN_EMPTY_BODY = YES;
				CLANG_WARN_ENUM_CONVERSION = YES;
				CLANG_WARN_INFINITE_RECURSION = YES;
				CLANG_WARN_INT_CONVERSION = YES;
				CLANG_WARN_NON_LITERAL_NULL_CONVERSION = YES;
				CLANG_WARN_OBJC_IMPLICIT_RETAIN_SELF = YES;
				CLANG_WARN_OBJC_LITERAL_CONVERSION = YES;
				CLANG_WARN_OBJC_ROOT_CLASS = YES_ERROR;
				CLANG_WARN_QUOTED_INCLUDE_IN_FRAMEWORK_HEADER = YES;
				CLANG_WARN_RANGE_LOOP_ANALYSIS = YES;
				CLANG_WARN_STRICT_PROTOTYPES = YES;
				CLANG_WARN_SUSPICIOUS_MOVE = YES;
				CLANG_WARN_UNGUARDED_AVAILABILITY = YES_AGGRESSIVE;
				CLANG_WARN_UNREACHABLE_CODE = YES;
				CLANG_WARN__DUPLICATE_METHOD_MATCH = YES;
				COPY_PHASE_STRIP = NO;
				CURRENT_PROJECT_VERSION = 1;
				DEBUG_INFORMATION_FORMAT = "dwarf-with-dsym";
				ENABLE_NS_ASSERTIONS = NO;
				ENABLE_STRICT_OBJC_MSGSEND = YES;
				GCC_C_LANGUAGE_STANDARD = gnu11;
				GCC_NO_COMMON_BLOCKS = YES;
				GCC_WARN_64_TO_32_BIT_CONVERSION = YES;
				GCC_WARN_ABOUT_RETURN_TYPE = YES_ERROR;
				GCC_WARN_UNDECLARED_SELECTOR = YES;
				GCC_WARN_UNINITIALIZED_AUTOS = YES_AGGRESSIVE;
				GCC_WARN_UNUSED_FUNCTION = YES;
				GCC_WARN_UNUSED_VARIABLE = YES;
				IPHONEOS_DEPLOYMENT_TARGET = 14.0;
				MTL_ENABLE_DEBUG_INFO = NO;
				MTL_FAST_MATH = YES;
				SDKROOT = iphoneos;
				SWIFT_COMPILATION_MODE = wholemodule;
				SWIFT_OPTIMIZATION_LEVEL = "-O";
				VALIDATE_PRODUCT = YES;
				VERSIONING_SYSTEM = "apple-generic";
				VERSION_INFO_PREFIX = "";
			};
			name = Release;
		};
		871865CB24F093400068FCBA /* Debug */ = {
			isa = XCBuildConfiguration;
			buildSettings = {
				CLANG_ENABLE_MODULES = YES;
				CODE_SIGN_STYLE = Automatic;
				DEFINES_MODULE = YES;
				DEVELOPMENT_TEAM = C43MSUWJQ4;
				DYLIB_COMPATIBILITY_VERSION = 1;
				DYLIB_CURRENT_VERSION = 1;
				DYLIB_INSTALL_NAME_BASE = "@rpath";
				INFOPLIST_FILE = GraphKit/Info.plist;
				INSTALL_PATH = "$(LOCAL_LIBRARY_DIR)/Frameworks";
				LD_RUNPATH_SEARCH_PATHS = (
					"$(inherited)",
					"@executable_path/Frameworks",
					"@loader_path/Frameworks",
				);
				PRODUCT_BUNDLE_IDENTIFIER = reginald.GraphKit;
				PRODUCT_NAME = "$(TARGET_NAME:c99extidentifier)";
				SKIP_INSTALL = YES;
				SWIFT_OPTIMIZATION_LEVEL = "-Onone";
				SWIFT_VERSION = 5.0;
				TARGETED_DEVICE_FAMILY = "1,2";
			};
			name = Debug;
		};
		871865CC24F093400068FCBA /* Release */ = {
			isa = XCBuildConfiguration;
			buildSettings = {
				CLANG_ENABLE_MODULES = YES;
				CODE_SIGN_STYLE = Automatic;
				DEFINES_MODULE = YES;
				DEVELOPMENT_TEAM = C43MSUWJQ4;
				DYLIB_COMPATIBILITY_VERSION = 1;
				DYLIB_CURRENT_VERSION = 1;
				DYLIB_INSTALL_NAME_BASE = "@rpath";
				INFOPLIST_FILE = GraphKit/Info.plist;
				INSTALL_PATH = "$(LOCAL_LIBRARY_DIR)/Frameworks";
				LD_RUNPATH_SEARCH_PATHS = (
					"$(inherited)",
					"@executable_path/Frameworks",
					"@loader_path/Frameworks",
				);
				PRODUCT_BUNDLE_IDENTIFIER = reginald.GraphKit;
				PRODUCT_NAME = "$(TARGET_NAME:c99extidentifier)";
				SKIP_INSTALL = YES;
				SWIFT_VERSION = 5.0;
				TARGETED_DEVICE_FAMILY = "1,2";
			};
			name = Release;
		};
		871865CE24F093400068FCBA /* Debug */ = {
			isa = XCBuildConfiguration;
			buildSettings = {
				ALWAYS_EMBED_SWIFT_STANDARD_LIBRARIES = YES;
				CODE_SIGN_STYLE = Automatic;
				DEVELOPMENT_TEAM = C43MSUWJQ4;
				INFOPLIST_FILE = GraphKitTests/Info.plist;
				LD_RUNPATH_SEARCH_PATHS = (
					"$(inherited)",
					"@executable_path/Frameworks",
					"@loader_path/Frameworks",
				);
				PRODUCT_BUNDLE_IDENTIFIER = reginald.GraphKitTests;
				PRODUCT_NAME = "$(TARGET_NAME)";
				SWIFT_VERSION = 5.0;
				TARGETED_DEVICE_FAMILY = "1,2";
			};
			name = Debug;
		};
		871865CF24F093400068FCBA /* Release */ = {
			isa = XCBuildConfiguration;
			buildSettings = {
				ALWAYS_EMBED_SWIFT_STANDARD_LIBRARIES = YES;
				CODE_SIGN_STYLE = Automatic;
				DEVELOPMENT_TEAM = C43MSUWJQ4;
				INFOPLIST_FILE = GraphKitTests/Info.plist;
				LD_RUNPATH_SEARCH_PATHS = (
					"$(inherited)",
					"@executable_path/Frameworks",
					"@loader_path/Frameworks",
				);
				PRODUCT_BUNDLE_IDENTIFIER = reginald.GraphKitTests;
				PRODUCT_NAME = "$(TARGET_NAME)";
				SWIFT_VERSION = 5.0;
				TARGETED_DEVICE_FAMILY = "1,2";
			};
			name = Release;
		};
/* End XCBuildConfiguration section */

/* Begin XCConfigurationList section */
		871865B024F093400068FCBA /* Build configuration list for PBXProject "GraphKit" */ = {
			isa = XCConfigurationList;
			buildConfigurations = (
				871865C824F093400068FCBA /* Debug */,
				871865C924F093400068FCBA /* Release */,
			);
			defaultConfigurationIsVisible = 0;
			defaultConfigurationName = Release;
		};
		871865CA24F093400068FCBA /* Build configuration list for PBXNativeTarget "GraphKit" */ = {
			isa = XCConfigurationList;
			buildConfigurations = (
				871865CB24F093400068FCBA /* Debug */,
				871865CC24F093400068FCBA /* Release */,
			);
			defaultConfigurationIsVisible = 0;
			defaultConfigurationName = Release;
		};
		871865CD24F093400068FCBA /* Build configuration list for PBXNativeTarget "GraphKitTests" */ = {
			isa = XCConfigurationList;
			buildConfigurations = (
				871865CE24F093400068FCBA /* Debug */,
				871865CF24F093400068FCBA /* Release */,
			);
			defaultConfigurationIsVisible = 0;
			defaultConfigurationName = Release;
		};
/* End XCConfigurationList section */
	};
	rootObject = 871865AD24F093400068FCBA /* Project object */;
}
